{
  "name": "workflow-wrapper",
  "version": "1.4.6",
  "lockfileVersion": 3,
  "requires": true,
  "packages": {
    "": {
      "name": "workflow-wrapper",
      "version": "1.4.6",
      "license": "MIT",
      "bin": {
        "wfw": "bin/hack-wrap.sh",
        "wfw-mcp": "mcp/dist/index.js"
      }
    }
  }
}
